<Solution>
  <Folder Name="/src/" />
  <Folder Name="/src/BuildingBlocks/">
    <Project Path="src/BuildingBlocks/Shapers.Platform/Shapers.Platform.csproj" />
    <Project Path="src/BuildingBlocks/Shapers.SharedKernel/Shapers.SharedKernel.csproj" />
  </Folder>
  <Folder Name="/src/Host/">
    <Project Path="src/Host/Shapers.Api/Shapers.Api.csproj" />
  </Folder>
  <Folder Name="/src/Modules/" />
  <Folder Name="/src/Modules/Church/">
    <Project Path="src/Modules/Church/Shapers.Church.Api/Shapers.Church.Api.csproj" />
    <Project Path="src/Modules/Church/Shapers.Church.Application/Shapers.Church.Application.csproj" />
    <Project Path="src/Modules/Church/Shapers.Church.Contracts/Shapers.Church.Contracts.csproj" />
    <Project Path="src/Modules/Church/Shapers.Church.Domain/Shapers.Church.Domain.csproj" />
    <Project Path="src/Modules/Church/Shapers.Church.Infrastructure/Shapers.Church.Infrastructure.csproj" />
  </Folder>
  <Folder Name="/src/Modules/Communications/">
    <Project Path="src/Modules/Communications/Shapers.Communications.Api/Shapers.Communications.Api.csproj" />
    <Project Path="src/Modules/Communications/Shapers.Communications.Application/Shapers.Communications.Application.csproj" />
    <Project Path="src/Modules/Communications/Shapers.Communications.Contracts/Shapers.Communications.Contracts.csproj" />
    <Project Path="src/Modules/Communications/Shapers.Communications.Domain/Shapers.Communications.Domain.csproj" />
    <Project Path="src/Modules/Communications/Shapers.Communications.Infrastructure/Shapers.Communications.Infrastructure.csproj" />
  </Folder>
  <Folder Name="/src/Modules/Privacy/">
    <Project Path="src/Modules/Privacy/Shapers.Privacy.Api/Shapers.Privacy.Api.csproj" />
    <Project Path="src/Modules/Privacy/Shapers.Privacy.Application/Shapers.Privacy.Application.csproj" />
    <Project Path="src/Modules/Privacy/Shapers.Privacy.Contracts/Shapers.Privacy.Contracts.csproj" />
    <Project Path="src/Modules/Privacy/Shapers.Privacy.Domain/Shapers.Privacy.Domain.csproj" />
    <Project Path="src/Modules/Privacy/Shapers.Privacy.Infrastructure/Shapers.Privacy.Infrastructure.csproj" />
  </Folder>
  <Folder Name="/src/Modules/Content/">
    <Project Path="src/Modules/Content/Shapers.Content.Api/Shapers.Content.Api.csproj" />
    <Project Path="src/Modules/Content/Shapers.Content.Application/Shapers.Content.Application.csproj" />
    <Project Path="src/Modules/Content/Shapers.Content.Contracts/Shapers.Content.Contracts.csproj" />
    <Project Path="src/Modules/Content/Shapers.Content.Domain/Shapers.Content.Domain.csproj" />
    <Project Path="src/Modules/Content/Shapers.Content.Infrastructure/Shapers.Content.Infrastructure.csproj" />
  </Folder>
  <Folder Name="/src/Modules/Prayer/">
    <Project Path="src/Modules/Prayer/Shapers.Prayer.Api/Shapers.Prayer.Api.csproj" />
    <Project Path="src/Modules/Prayer/Shapers.Prayer.Application/Shapers.Prayer.Application.csproj" />
    <Project Path="src/Modules/Prayer/Shapers.Prayer.Contracts/Shapers.Prayer.Contracts.csproj" />
    <Project Path="src/Modules/Prayer/Shapers.Prayer.Domain/Shapers.Prayer.Domain.csproj" />
    <Project Path="src/Modules/Prayer/Shapers.Prayer.Infrastructure/Shapers.Prayer.Infrastructure.csproj" />
  </Folder>
  <Folder Name="/src/Modules/Kids/">
    <Project Path="src/Modules/Kids/Shapers.Kids.Api/Shapers.Kids.Api.csproj" />
    <Project Path="src/Modules/Kids/Shapers.Kids.Application/Shapers.Kids.Application.csproj" />
    <Project Path="src/Modules/Kids/Shapers.Kids.Contracts/Shapers.Kids.Contracts.csproj" />
    <Project Path="src/Modules/Kids/Shapers.Kids.Domain/Shapers.Kids.Domain.csproj" />
    <Project Path="src/Modules/Kids/Shapers.Kids.Infrastructure/Shapers.Kids.Infrastructure.csproj" />
  </Folder>
  <Folder Name="/src/Modules/Giving/">
    <Project Path="src/Modules/Giving/Shapers.Giving.Api/Shapers.Giving.Api.csproj" />
    <Project Path="src/Modules/Giving/Shapers.Giving.Application/Shapers.Giving.Application.csproj" />
    <Project Path="src/Modules/Giving/Shapers.Giving.Contracts/Shapers.Giving.Contracts.csproj" />
    <Project Path="src/Modules/Giving/Shapers.Giving.Domain/Shapers.Giving.Domain.csproj" />
    <Project Path="src/Modules/Giving/Shapers.Giving.Infrastructure/Shapers.Giving.Infrastructure.csproj" />
  </Folder>
  <Folder Name="/src/Modules/Assist/">
    <Project Path="src/Modules/Assist/Shapers.Assist.Api/Shapers.Assist.Api.csproj" />
    <Project Path="src/Modules/Assist/Shapers.Assist.Application/Shapers.Assist.Application.csproj" />
    <Project Path="src/Modules/Assist/Shapers.Assist.Contracts/Shapers.Assist.Contracts.csproj" />
    <Project Path="src/Modules/Assist/Shapers.Assist.Domain/Shapers.Assist.Domain.csproj" />
    <Project Path="src/Modules/Assist/Shapers.Assist.Infrastructure/Shapers.Assist.Infrastructure.csproj" />
    <Project Path="tests/Modules/Shapers.Assist.Tests/Shapers.Assist.Tests.csproj" />
  </Folder>
  <Folder Name="/src/Modules/Services/">
    <Project Path="src/Modules/Services/Shapers.Services.Api/Shapers.Services.Api.csproj" />
    <Project Path="src/Modules/Services/Shapers.Services.Application/Shapers.Services.Application.csproj" />
    <Project Path="src/Modules/Services/Shapers.Services.Contracts/Shapers.Services.Contracts.csproj" />
    <Project Path="src/Modules/Services/Shapers.Services.Domain/Shapers.Services.Domain.csproj" />
    <Project Path="src/Modules/Services/Shapers.Services.Infrastructure/Shapers.Services.Infrastructure.csproj" />
    <Project Path="tests/Modules/Shapers.Services.Tests/Shapers.Services.Tests.csproj" />
  </Folder>
  <Folder Name="/src/Modules/Groups/">
    <Project Path="src/Modules/Groups/Shapers.Groups.Api/Shapers.Groups.Api.csproj" />
    <Project Path="src/Modules/Groups/Shapers.Groups.Application/Shapers.Groups.Application.csproj" />
    <Project Path="src/Modules/Groups/Shapers.Groups.Contracts/Shapers.Groups.Contracts.csproj" />
    <Project Path="src/Modules/Groups/Shapers.Groups.Domain/Shapers.Groups.Domain.csproj" />
    <Project Path="src/Modules/Groups/Shapers.Groups.Infrastructure/Shapers.Groups.Infrastructure.csproj" />
  </Folder>
  <Folder Name="/src/Modules/Events/">
    <Project Path="src/Modules/Events/Shapers.Events.Api/Shapers.Events.Api.csproj" />
    <Project Path="src/Modules/Events/Shapers.Events.Application/Shapers.Events.Application.csproj" />
    <Project Path="src/Modules/Events/Shapers.Events.Contracts/Shapers.Events.Contracts.csproj" />
    <Project Path="src/Modules/Events/Shapers.Events.Domain/Shapers.Events.Domain.csproj" />
    <Project Path="src/Modules/Events/Shapers.Events.Infrastructure/Shapers.Events.Infrastructure.csproj" />
  </Folder>
  <Folder Name="/src/Modules/Identity/">
    <Project Path="src/Modules/Identity/Shapers.Identity.Api/Shapers.Identity.Api.csproj" />
    <Project Path="src/Modules/Identity/Shapers.Identity.Application/Shapers.Identity.Application.csproj" />
    <Project Path="src/Modules/Identity/Shapers.Identity.Contracts/Shapers.Identity.Contracts.csproj" />
    <Project Path="src/Modules/Identity/Shapers.Identity.Domain/Shapers.Identity.Domain.csproj" />
    <Project Path="src/Modules/Identity/Shapers.Identity.Infrastructure/Shapers.Identity.Infrastructure.csproj" />
  </Folder>
  <Folder Name="/src/Modules/Media/">
    <Project Path="src/Modules/Media/Shapers.Media.Api/Shapers.Media.Api.csproj" />
    <Project Path="src/Modules/Media/Shapers.Media.Application/Shapers.Media.Application.csproj" />
    <Project Path="src/Modules/Media/Shapers.Media.Contracts/Shapers.Media.Contracts.csproj" />
    <Project Path="src/Modules/Media/Shapers.Media.Domain/Shapers.Media.Domain.csproj" />
    <Project Path="src/Modules/Media/Shapers.Media.Infrastructure/Shapers.Media.Infrastructure.csproj" />
  </Folder>
  <Folder Name="/src/Modules/People/">
    <Project Path="src/Modules/People/Shapers.People.Api/Shapers.People.Api.csproj" />
    <Project Path="src/Modules/People/Shapers.People.Application/Shapers.People.Application.csproj" />
    <Project Path="src/Modules/People/Shapers.People.Contracts/Shapers.People.Contracts.csproj" />
    <Project Path="src/Modules/People/Shapers.People.Domain/Shapers.People.Domain.csproj" />
    <Project Path="src/Modules/People/Shapers.People.Infrastructure/Shapers.People.Infrastructure.csproj" />
  </Folder>
  <Folder Name="/tests/">
    <Project Path="tests/Shapers.ArchitectureTests/Shapers.ArchitectureTests.csproj" />
    <Project Path="tests/Shapers.IntegrationTests/Shapers.IntegrationTests.csproj" />
    <Project Path="tests/Shapers.Platform.Tests/Shapers.Platform.Tests.csproj" />
  </Folder>
  <Folder Name="/tests/Modules/">
    <Project Path="tests/Modules/Shapers.Events.Tests/Shapers.Events.Tests.csproj" />
    <Project Path="tests/Modules/Shapers.Prayer.Tests/Shapers.Prayer.Tests.csproj" />
    <Project Path="tests/Modules/Shapers.Kids.Tests/Shapers.Kids.Tests.csproj" />
    <Project Path="tests/Modules/Shapers.Giving.Tests/Shapers.Giving.Tests.csproj" />
    <Project Path="tests/Modules/Shapers.Groups.Tests/Shapers.Groups.Tests.csproj" />
    <Project Path="tests/Modules/Shapers.Content.Tests/Shapers.Content.Tests.csproj" />
    <Project Path="tests/Modules/Shapers.Privacy.Tests/Shapers.Privacy.Tests.csproj" />
    <Project Path="tests/Modules/Shapers.Communications.Tests/Shapers.Communications.Tests.csproj" />
    <Project Path="tests/Modules/Shapers.Identity.Tests/Shapers.Identity.Tests.csproj" />
    <Project Path="tests/Modules/Shapers.Media.Tests/Shapers.Media.Tests.csproj" />
    <Project Path="tests/Modules/Shapers.People.Tests/Shapers.People.Tests.csproj" />
  </Folder>
</Solution>
